github.com/forestryio/hugo-theme-novela v0.0.0-20200807150328-811b4ca4ebef h1:jwtOrXCeUXwcc+zN2HPyudT6KUBUj07/dCdCoXgql+o=
github.com/forestryio/hugo-theme-novela v0.0.0-20200807150328-811b4ca4ebef/go.mod h1:3Ys8HSILJdxqFw6mOtBAEaDmI/MyhGJhNyvlpMt0oTY=
github.com/forestryio/hugo-theme-novela v0.0.0-20200923124324-608af7f1ee46 h1:LZfKpUPsIwdaFD5dnLasi1CZiqV9fktluEbe2Gfy+e0=
github.com/forestryio/hugo-theme-novela v0.0.0-20200923124324-608af7f1ee46/go.mod h1:3Ys8HSILJdxqFw6mOtBAEaDmI/MyhGJhNyvlpMt0oTY=
github.com/forestryio/hugo-theme-novela v0.0.0-20201101151107-bf0968127178 h1:S6wAmIdqLU9uwEUahQTjakeGru+186UtgpU4f/b+xHo=
github.com/forestryio/hugo-theme-novela v0.0.0-20201101151107-bf0968127178/go.mod h1:3Ys8HSILJdxqFw6mOtBAEaDmI/MyhGJhNyvlpMt0oTY=
